// !$*UTF8*$!
{
	archiveVersion = 1;
	classes = {
	};
	objectVersion = 55;
	objects = {

/* Begin PBXBuildFile section */
		1E1E9CCC2843FB8A002E0E87 /* OneSkyClient.swift in Sources */ = {isa = PBXBuildFile; fileRef = 1E1E9CCB2843FB8A002E0E87 /* OneSkyClient.swift */; };
		1E1E9CCE2843FDF4002E0E87 /* OneSkySecretKeyHelper.swift in Sources */ = {isa = PBXBuildFile; fileRef = 1E1E9CCD2843FDF4002E0E87 /* OneSkySecretKeyHelper.swift */; };
		1E1E9CD328442588002E0E87 /* ProjectFileDeleteSummaryDataModel.swift in Sources */ = {isa = PBXBuildFile; fileRef = 1E1E9CD228442588002E0E87 /* ProjectFileDeleteSummaryDataModel.swift */; };
		1E1E9CD52844269B002E0E87 /* ProjectFileDeleteResponseMetaModel.swift in Sources */ = {isa = PBXBuildFile; fileRef = 1E1E9CD42844269B002E0E87 /* ProjectFileDeleteResponseMetaModel.swift */; };
		1E1E9CD7284426F2002E0E87 /* ProjectFileDeleteResponseModel.swift in Sources */ = {isa = PBXBuildFile; fileRef = 1E1E9CD6284426F2002E0E87 /* ProjectFileDeleteResponseModel.swift */; };
		1E1E9CD9284427B9002E0E87 /* StringFileUploadSummaryDataModel.swift in Sources */ = {isa = PBXBuildFile; fileRef = 1E1E9CD8284427B9002E0E87 /* StringFileUploadSummaryDataModel.swift */; };
		1E1E9CDB284CE10C002E0E87 /* ProjectTypeDataModel.swift in Sources */ = {isa = PBXBuildFile; fileRef = 1E1E9CDA284CE10C002E0E87 /* ProjectTypeDataModel.swift */; };
		1E1E9CDD284CE20C002E0E87 /* ProjectCreateResponseModel.swift in Sources */ = {isa = PBXBuildFile; fileRef = 1E1E9CDC284CE20C002E0E87 /* ProjectCreateResponseModel.swift */; };
		1E1E9CDF284CE2AD002E0E87 /* ProjectCreateResponseMetaModel.swift in Sources */ = {isa = PBXBuildFile; fileRef = 1E1E9CDE284CE2AD002E0E87 /* ProjectCreateResponseMetaModel.swift */; };
		1E1E9CE1284CE2EA002E0E87 /* ProjectCreateSummaryDataModel.swift in Sources */ = {isa = PBXBuildFile; fileRef = 1E1E9CE0284CE2EA002E0E87 /* ProjectCreateSummaryDataModel.swift */; };
		1E2E7FA628A054CB009CAF8F /* TranslationFileDownloadSummaryModel.swift in Sources */ = {isa = PBXBuildFile; fileRef = 1E2E7FA528A054CB009CAF8F /* TranslationFileDownloadSummaryModel.swift */; };
		1E5197E1283551AD007C5A10 /* MainCommandLineInterface.swift in Sources */ = {isa = PBXBuildFile; fileRef = 1E5197E0283551AD007C5A10 /* MainCommandLineInterface.swift */; };
		1E5197EF283A6976007C5A10 /* SecretKeyManager.swift in Sources */ = {isa = PBXBuildFile; fileRef = 1E5197EE283A6976007C5A10 /* SecretKeyManager.swift */; };
		1E51984E2843F3C3007C5A10 /* OneSkyApiClientFramework.docc in Sources */ = {isa = PBXBuildFile; fileRef = 1E51984D2843F3C3007C5A10 /* OneSkyApiClientFramework.docc */; };
		1E51984F2843F3C3007C5A10 /* OneSkyApiClientFramework.h in Headers */ = {isa = PBXBuildFile; fileRef = 1E51984C2843F3C3007C5A10 /* OneSkyApiClientFramework.h */; settings = {ATTRIBUTES = (Public, ); }; };
		1E5198532843F421007C5A10 /* ApiClient.swift in Sources */ = {isa = PBXBuildFile; fileRef = 1E5197F1283A6D78007C5A10 /* ApiClient.swift */; };
		1E5198542843F421007C5A10 /* OneSkyApiService.swift in Sources */ = {isa = PBXBuildFile; fileRef = 1E519800283C0F81007C5A10 /* OneSkyApiService.swift */; };
		1E5198552843F421007C5A10 /* OneSkyApiClient.swift in Sources */ = {isa = PBXBuildFile; fileRef = 1E5197F3283A6D94007C5A10 /* OneSkyApiClient.swift */; };
		1E5198562843F421007C5A10 /* ApiRequestBuilder.swift in Sources */ = {isa = PBXBuildFile; fileRef = 1E5197E828355481007C5A10 /* ApiRequestBuilder.swift */; };
		1E5198572843F421007C5A10 /* ApiError.swift in Sources */ = {isa = PBXBuildFile; fileRef = 1E5197EA28355638007C5A10 /* ApiError.swift */; };
		1E5198582843F43B007C5A10 /* LocaleRemoteDataSource.swift in Sources */ = {isa = PBXBuildFile; fileRef = 1E51983F2840F49F007C5A10 /* LocaleRemoteDataSource.swift */; };
		1E5198592843F43B007C5A10 /* StringFileRemoteDataSource.swift in Sources */ = {isa = PBXBuildFile; fileRef = 1E51981D283FBA2D007C5A10 /* StringFileRemoteDataSource.swift */; };
		1E51985A2843F43B007C5A10 /* ProjectGroupRemoteDataSource.swift in Sources */ = {isa = PBXBuildFile; fileRef = 1E519808283CA248007C5A10 /* ProjectGroupRemoteDataSource.swift */; };
		1E51985B2843F43B007C5A10 /* ProjectRemoteDataSource.swift in Sources */ = {isa = PBXBuildFile; fileRef = 1E519815283D4E74007C5A10 /* ProjectRemoteDataSource.swift */; };
		1E51985C2843F452007C5A10 /* ProjectListResponseMetaModel.swift in Sources */ = {isa = PBXBuildFile; fileRef = 1E519831283FDF98007C5A10 /* ProjectListResponseMetaModel.swift */; };
		1E51985D2843F452007C5A10 /* StringFileListResponseMetaModel.swift in Sources */ = {isa = PBXBuildFile; fileRef = 1E519835283FE085007C5A10 /* StringFileListResponseMetaModel.swift */; };
		1E51985E2843F452007C5A10 /* ProjectLanguagesResponseMetaModel.swift in Sources */ = {isa = PBXBuildFile; fileRef = 1E519837283FE0B5007C5A10 /* ProjectLanguagesResponseMetaModel.swift */; };
		1E51985F2843F452007C5A10 /* ProjectFileUploadMetaModel.swift in Sources */ = {isa = PBXBuildFile; fileRef = 1E5198432840FA35007C5A10 /* ProjectFileUploadMetaModel.swift */; };
		1E5198602843F452007C5A10 /* ProjectDetailsResponseMetaModel.swift in Sources */ = {isa = PBXBuildFile; fileRef = 1E519833283FE011007C5A10 /* ProjectDetailsResponseMetaModel.swift */; };
		1E5198612843F452007C5A10 /* AuthorizationErrorMetaModel.swift in Sources */ = {isa = PBXBuildFile; fileRef = 1E51982D283FDEEC007C5A10 /* AuthorizationErrorMetaModel.swift */; };
		1E5198622843F452007C5A10 /* ProjectGroupListResponseMetaModel.swift in Sources */ = {isa = PBXBuildFile; fileRef = 1E51982F283FDF2D007C5A10 /* ProjectGroupListResponseMetaModel.swift */; };
		1E5198632843F45C007C5A10 /* AuthorizationErrorResponseModel.swift in Sources */ = {isa = PBXBuildFile; fileRef = 1E519810283CF7D8007C5A10 /* AuthorizationErrorResponseModel.swift */; };
		1E5198642843F45C007C5A10 /* StringFileListResponseModel.swift in Sources */ = {isa = PBXBuildFile; fileRef = 1E51981F283FBAF6007C5A10 /* StringFileListResponseModel.swift */; };
		1E5198652843F45C007C5A10 /* ProjectLanguagesResponseModel.swift in Sources */ = {isa = PBXBuildFile; fileRef = 1E51981B283DD42B007C5A10 /* ProjectLanguagesResponseModel.swift */; };
		1E5198662843F45C007C5A10 /* ProjectFileUploadResponseModel.swift in Sources */ = {isa = PBXBuildFile; fileRef = 1E5198412840F9FE007C5A10 /* ProjectFileUploadResponseModel.swift */; };
		1E5198672843F45C007C5A10 /* ProjectListResponseModel.swift in Sources */ = {isa = PBXBuildFile; fileRef = 1E519817283D4EBC007C5A10 /* ProjectListResponseModel.swift */; };
		1E5198682843F45C007C5A10 /* ProjectGroupListResponseModel.swift in Sources */ = {isa = PBXBuildFile; fileRef = 1E519805283C9E1C007C5A10 /* ProjectGroupListResponseModel.swift */; };
		1E5198692843F45C007C5A10 /* ProjectDetailsResponseModel.swift in Sources */ = {isa = PBXBuildFile; fileRef = 1E519819283D56ED007C5A10 /* ProjectDetailsResponseModel.swift */; };
		1E51986A2843F465007C5A10 /* ProjectFileImportSummaryDataModel.swift in Sources */ = {isa = PBXBuildFile; fileRef = 1E5198392840AF1B007C5A10 /* ProjectFileImportSummaryDataModel.swift */; };
		1E51986B2843F465007C5A10 /* ProjectLanguageDataModel.swift in Sources */ = {isa = PBXBuildFile; fileRef = 1E51982B283FDDEE007C5A10 /* ProjectLanguageDataModel.swift */; };
		1E51986C2843F465007C5A10 /* ProjectGroupSummaryDataModel.swift in Sources */ = {isa = PBXBuildFile; fileRef = 1E519823283FDCDA007C5A10 /* ProjectGroupSummaryDataModel.swift */; };
		1E51986D2843F465007C5A10 /* ProjectFileDataModel.swift in Sources */ = {isa = PBXBuildFile; fileRef = 1E519829283FDDB7007C5A10 /* ProjectFileDataModel.swift */; };
		1E51986E2843F465007C5A10 /* LocaleSummaryDataModel.swift in Sources */ = {isa = PBXBuildFile; fileRef = 1E51983D2840B2EE007C5A10 /* LocaleSummaryDataModel.swift */; };
		1E51986F2843F465007C5A10 /* ProjectFileFormat.swift in Sources */ = {isa = PBXBuildFile; fileRef = 1E51983B2840AF8F007C5A10 /* ProjectFileFormat.swift */; };
		1E5198702843F465007C5A10 /* ProjectDetailsDataModel.swift in Sources */ = {isa = PBXBuildFile; fileRef = 1E519827283FDD5B007C5A10 /* ProjectDetailsDataModel.swift */; };
		1E5198712843F465007C5A10 /* ProjectSummaryDataModel.swift in Sources */ = {isa = PBXBuildFile; fileRef = 1E519825283FDD0F007C5A10 /* ProjectSummaryDataModel.swift */; };
		1E5198722843F47A007C5A10 /* MD5Helper.swift in Sources */ = {isa = PBXBuildFile; fileRef = 1E5197FA283A75EB007C5A10 /* MD5Helper.swift */; };
		1E5198732843F47A007C5A10 /* OneSkyAuthHelpers.swift in Sources */ = {isa = PBXBuildFile; fileRef = 1E5197FE283C0C46007C5A10 /* OneSkyAuthHelpers.swift */; };
		1E5198742843F48F007C5A10 /* OneSkyUrls.swift in Sources */ = {isa = PBXBuildFile; fileRef = 1E519803283C9BB3007C5A10 /* OneSkyUrls.swift */; };
		1E62741C2895CE4B00447471 /* Localizable.strings in Resources */ = {isa = PBXBuildFile; fileRef = 1E62741E2895CE4B00447471 /* Localizable.strings */; };
		1E6274232895DAF500447471 /* Locale.swift in Sources */ = {isa = PBXBuildFile; fileRef = 1E6274222895DAF500447471 /* Locale.swift */; };
		1E993D2828986D7A0053D5F9 /* ApiRequestMethod.swift in Sources */ = {isa = PBXBuildFile; fileRef = 1E993D2728986D7A0053D5F9 /* ApiRequestMethod.swift */; };
		1E993D2A289872120053D5F9 /* Data+Append.swift in Sources */ = {isa = PBXBuildFile; fileRef = 1E993D29289872120053D5F9 /* Data+Append.swift */; };
		1E993D2C2898732E0053D5F9 /* MultipartFormRequestData.swift in Sources */ = {isa = PBXBuildFile; fileRef = 1E993D2B2898732E0053D5F9 /* MultipartFormRequestData.swift */; };
		1EA7604D285CDEAC000BD4A9 /* ArgumentParser in Frameworks */ = {isa = PBXBuildFile; productRef = 1EA7604C285CDEAC000BD4A9 /* ArgumentParser */; };
		1EA7604F286112DE000BD4A9 /* LocaleFileFormat.swift in Sources */ = {isa = PBXBuildFile; fileRef = 1EA7604E286112DE000BD4A9 /* LocaleFileFormat.swift */; };
		1EA7605128611B8A000BD4A9 /* TaskSequenceExecutor.swift in Sources */ = {isa = PBXBuildFile; fileRef = 1EA7605028611B8A000BD4A9 /* TaskSequenceExecutor.swift */; };
		1EA7605428613D8D000BD4A9 /* ANSIColor.swift in Sources */ = {isa = PBXBuildFile; fileRef = 1EA7605328613D8D000BD4A9 /* ANSIColor.swift */; };
		1EA7605628613F02000BD4A9 /* String+Color.swift in Sources */ = {isa = PBXBuildFile; fileRef = 1EA7605528613F02000BD4A9 /* String+Color.swift */; };
		1EC5D293289D9E120011310C /* OneSkyApiQueryParams.swift in Sources */ = {isa = PBXBuildFile; fileRef = 1EC5D292289D9E120011310C /* OneSkyApiQueryParams.swift */; };
		1EC5D295289DB7480011310C /* TranslationsRemoteDataSource.swift in Sources */ = {isa = PBXBuildFile; fileRef = 1EC5D294289DB7480011310C /* TranslationsRemoteDataSource.swift */; };
/* End PBXBuildFile section */

/* Begin PBXContainerItemProxy section */
		1E5198752843F549007C5A10 /* PBXContainerItemProxy */ = {
			isa = PBXContainerItemProxy;
			containerPortal = 1E5197D5283551AD007C5A10 /* Project object */;
			proxyType = 1;
			remoteGlobalIDString = 1E5198492843F3C3007C5A10;
			remoteInfo = OneSkyApiClientFramework;
		};
/* End PBXContainerItemProxy section */

/* Begin PBXCopyFilesBuildPhase section */
		1E5197DB283551AD007C5A10 /* CopyFiles */ = {
			isa = PBXCopyFilesBuildPhase;
			buildActionMask = 12;
			dstPath = usr/share/man/man1;
			dstSubfolderSpec = 0;
			files = (
			);
			runOnlyForDeploymentPostprocessing = 0;
		};
		1E51987B2843F752007C5A10 /* Embed Frameworks */ = {
			isa = PBXCopyFilesBuildPhase;
			buildActionMask = 2147483647;
			dstPath = "";
			dstSubfolderSpec = 10;
			files = (
			);
			name = "Embed Frameworks";
			runOnlyForDeploymentPostprocessing = 0;
		};
/* End PBXCopyFilesBuildPhase section */

/* Begin PBXFileReference section */
		1E1E9CCA2843F989002E0E87 /* OneSkyClient.framework */ = {isa = PBXFileReference; explicitFileType = wrapper.framework; includeInIndex = 0; path = OneSkyClient.framework; sourceTree = BUILT_PRODUCTS_DIR; };
		1E1E9CCB2843FB8A002E0E87 /* OneSkyClient.swift */ = {isa = PBXFileReference; lastKnownFileType = sourcecode.swift; path = OneSkyClient.swift; sourceTree = "<group>"; };
		1E1E9CCD2843FDF4002E0E87 /* OneSkySecretKeyHelper.swift */ = {isa = PBXFileReference; lastKnownFileType = sourcecode.swift; path = OneSkySecretKeyHelper.swift; sourceTree = "<group>"; };
		1E1E9CD228442588002E0E87 /* ProjectFileDeleteSummaryDataModel.swift */ = {isa = PBXFileReference; lastKnownFileType = sourcecode.swift; path = ProjectFileDeleteSummaryDataModel.swift; sourceTree = "<group>"; };
		1E1E9CD42844269B002E0E87 /* ProjectFileDeleteResponseMetaModel.swift */ = {isa = PBXFileReference; lastKnownFileType = sourcecode.swift; path = ProjectFileDeleteResponseMetaModel.swift; sourceTree = "<group>"; };
		1E1E9CD6284426F2002E0E87 /* ProjectFileDeleteResponseModel.swift */ = {isa = PBXFileReference; lastKnownFileType = sourcecode.swift; path = ProjectFileDeleteResponseModel.swift; sourceTree = "<group>"; };
		1E1E9CD8284427B9002E0E87 /* StringFileUploadSummaryDataModel.swift */ = {isa = PBXFileReference; lastKnownFileType = sourcecode.swift; path = StringFileUploadSummaryDataModel.swift; sourceTree = "<group>"; };
		1E1E9CDA284CE10C002E0E87 /* ProjectTypeDataModel.swift */ = {isa = PBXFileReference; lastKnownFileType = sourcecode.swift; path = ProjectTypeDataModel.swift; sourceTree = "<group>"; };
		1E1E9CDC284CE20C002E0E87 /* ProjectCreateResponseModel.swift */ = {isa = PBXFileReference; lastKnownFileType = sourcecode.swift; path = ProjectCreateResponseModel.swift; sourceTree = "<group>"; };
		1E1E9CDE284CE2AD002E0E87 /* ProjectCreateResponseMetaModel.swift */ = {isa = PBXFileReference; lastKnownFileType = sourcecode.swift; path = ProjectCreateResponseMetaModel.swift; sourceTree = "<group>"; };
		1E1E9CE0284CE2EA002E0E87 /* ProjectCreateSummaryDataModel.swift */ = {isa = PBXFileReference; lastKnownFileType = sourcecode.swift; path = ProjectCreateSummaryDataModel.swift; sourceTree = "<group>"; };
		1E2E7FA528A054CB009CAF8F /* TranslationFileDownloadSummaryModel.swift */ = {isa = PBXFileReference; lastKnownFileType = sourcecode.swift; path = TranslationFileDownloadSummaryModel.swift; sourceTree = "<group>"; };
		1E5197E0283551AD007C5A10 /* MainCommandLineInterface.swift */ = {isa = PBXFileReference; lastKnownFileType = sourcecode.swift; path = MainCommandLineInterface.swift; sourceTree = "<group>"; };
		1E5197E828355481007C5A10 /* ApiRequestBuilder.swift */ = {isa = PBXFileReference; lastKnownFileType = sourcecode.swift; path = ApiRequestBuilder.swift; sourceTree = "<group>"; };
		1E5197EA28355638007C5A10 /* ApiError.swift */ = {isa = PBXFileReference; lastKnownFileType = sourcecode.swift; path = ApiError.swift; sourceTree = "<group>"; };
		1E5197EE283A6976007C5A10 /* SecretKeyManager.swift */ = {isa = PBXFileReference; lastKnownFileType = sourcecode.swift; path = SecretKeyManager.swift; sourceTree = "<group>"; };
		1E5197F1283A6D78007C5A10 /* ApiClient.swift */ = {isa = PBXFileReference; lastKnownFileType = sourcecode.swift; path = ApiClient.swift; sourceTree = "<group>"; };
		1E5197F3283A6D94007C5A10 /* OneSkyApiClient.swift */ = {isa = PBXFileReference; lastKnownFileType = sourcecode.swift; path = OneSkyApiClient.swift; sourceTree = "<group>"; };
		1E5197FA283A75EB007C5A10 /* MD5Helper.swift */ = {isa = PBXFileReference; lastKnownFileType = sourcecode.swift; path = MD5Helper.swift; sourceTree = "<group>"; };
		1E5197FE283C0C46007C5A10 /* OneSkyAuthHelpers.swift */ = {isa = PBXFileReference; lastKnownFileType = sourcecode.swift; path = OneSkyAuthHelpers.swift; sourceTree = "<group>"; };
		1E519800283C0F81007C5A10 /* OneSkyApiService.swift */ = {isa = PBXFileReference; lastKnownFileType = sourcecode.swift; path = OneSkyApiService.swift; sourceTree = "<group>"; };
		1E519803283C9BB3007C5A10 /* OneSkyUrls.swift */ = {isa = PBXFileReference; lastKnownFileType = sourcecode.swift; path = OneSkyUrls.swift; sourceTree = "<group>"; };
		1E519805283C9E1C007C5A10 /* ProjectGroupListResponseModel.swift */ = {isa = PBXFileReference; lastKnownFileType = sourcecode.swift; path = ProjectGroupListResponseModel.swift; sourceTree = "<group>"; };
		1E519808283CA248007C5A10 /* ProjectGroupRemoteDataSource.swift */ = {isa = PBXFileReference; lastKnownFileType = sourcecode.swift; path = ProjectGroupRemoteDataSource.swift; sourceTree = "<group>"; };
		1E51980A283CBBCA007C5A10 /* apikeys.plist */ = {isa = PBXFileReference; lastKnownFileType = file.bplist; path = apikeys.plist; sourceTree = "<group>"; };
		1E519810283CF7D8007C5A10 /* AuthorizationErrorResponseModel.swift */ = {isa = PBXFileReference; lastKnownFileType = sourcecode.swift; path = AuthorizationErrorResponseModel.swift; sourceTree = "<group>"; };
		1E519815283D4E74007C5A10 /* ProjectRemoteDataSource.swift */ = {isa = PBXFileReference; lastKnownFileType = sourcecode.swift; path = ProjectRemoteDataSource.swift; sourceTree = "<group>"; };
		1E519817283D4EBC007C5A10 /* ProjectListResponseModel.swift */ = {isa = PBXFileReference; lastKnownFileType = sourcecode.swift; path = ProjectListResponseModel.swift; sourceTree = "<group>"; };
		1E519819283D56ED007C5A10 /* ProjectDetailsResponseModel.swift */ = {isa = PBXFileReference; lastKnownFileType = sourcecode.swift; path = ProjectDetailsResponseModel.swift; sourceTree = "<group>"; };
		1E51981B283DD42B007C5A10 /* ProjectLanguagesResponseModel.swift */ = {isa = PBXFileReference; lastKnownFileType = sourcecode.swift; path = ProjectLanguagesResponseModel.swift; sourceTree = "<group>"; };
		1E51981D283FBA2D007C5A10 /* StringFileRemoteDataSource.swift */ = {isa = PBXFileReference; lastKnownFileType = sourcecode.swift; path = StringFileRemoteDataSource.swift; sourceTree = "<group>"; };
		1E51981F283FBAF6007C5A10 /* StringFileListResponseModel.swift */ = {isa = PBXFileReference; lastKnownFileType = sourcecode.swift; path = StringFileListResponseModel.swift; sourceTree = "<group>"; };
		1E519823283FDCDA007C5A10 /* ProjectGroupSummaryDataModel.swift */ = {isa = PBXFileReference; lastKnownFileType = sourcecode.swift; path = ProjectGroupSummaryDataModel.swift; sourceTree = "<group>"; };
		1E519825283FDD0F007C5A10 /* ProjectSummaryDataModel.swift */ = {isa = PBXFileReference; lastKnownFileType = sourcecode.swift; path = ProjectSummaryDataModel.swift; sourceTree = "<group>"; };
		1E519827283FDD5B007C5A10 /* ProjectDetailsDataModel.swift */ = {isa = PBXFileReference; lastKnownFileType = sourcecode.swift; path = ProjectDetailsDataModel.swift; sourceTree = "<group>"; };
		1E519829283FDDB7007C5A10 /* ProjectFileDataModel.swift */ = {isa = PBXFileReference; lastKnownFileType = sourcecode.swift; path = ProjectFileDataModel.swift; sourceTree = "<group>"; };
		1E51982B283FDDEE007C5A10 /* ProjectLanguageDataModel.swift */ = {isa = PBXFileReference; lastKnownFileType = sourcecode.swift; path = ProjectLanguageDataModel.swift; sourceTree = "<group>"; };
		1E51982D283FDEEC007C5A10 /* AuthorizationErrorMetaModel.swift */ = {isa = PBXFileReference; lastKnownFileType = sourcecode.swift; path = AuthorizationErrorMetaModel.swift; sourceTree = "<group>"; };
		1E51982F283FDF2D007C5A10 /* ProjectGroupListResponseMetaModel.swift */ = {isa = PBXFileReference; lastKnownFileType = sourcecode.swift; path = ProjectGroupListResponseMetaModel.swift; sourceTree = "<group>"; };
		1E519831283FDF98007C5A10 /* ProjectListResponseMetaModel.swift */ = {isa = PBXFileReference; lastKnownFileType = sourcecode.swift; path = ProjectListResponseMetaModel.swift; sourceTree = "<group>"; };
		1E519833283FE011007C5A10 /* ProjectDetailsResponseMetaModel.swift */ = {isa = PBXFileReference; lastKnownFileType = sourcecode.swift; path = ProjectDetailsResponseMetaModel.swift; sourceTree = "<group>"; };
		1E519835283FE085007C5A10 /* StringFileListResponseMetaModel.swift */ = {isa = PBXFileReference; lastKnownFileType = sourcecode.swift; path = StringFileListResponseMetaModel.swift; sourceTree = "<group>"; };
		1E519837283FE0B5007C5A10 /* ProjectLanguagesResponseMetaModel.swift */ = {isa = PBXFileReference; lastKnownFileType = sourcecode.swift; path = ProjectLanguagesResponseMetaModel.swift; sourceTree = "<group>"; };
		1E5198392840AF1B007C5A10 /* ProjectFileImportSummaryDataModel.swift */ = {isa = PBXFileReference; lastKnownFileType = sourcecode.swift; path = ProjectFileImportSummaryDataModel.swift; sourceTree = "<group>"; };
		1E51983B2840AF8F007C5A10 /* ProjectFileFormat.swift */ = {isa = PBXFileReference; lastKnownFileType = sourcecode.swift; path = ProjectFileFormat.swift; sourceTree = "<group>"; };
		1E51983D2840B2EE007C5A10 /* LocaleSummaryDataModel.swift */ = {isa = PBXFileReference; lastKnownFileType = sourcecode.swift; path = LocaleSummaryDataModel.swift; sourceTree = "<group>"; };
		1E51983F2840F49F007C5A10 /* LocaleRemoteDataSource.swift */ = {isa = PBXFileReference; lastKnownFileType = sourcecode.swift; path = LocaleRemoteDataSource.swift; sourceTree = "<group>"; };
		1E5198412840F9FE007C5A10 /* ProjectFileUploadResponseModel.swift */ = {isa = PBXFileReference; lastKnownFileType = sourcecode.swift; path = ProjectFileUploadResponseModel.swift; sourceTree = "<group>"; };
		1E5198432840FA35007C5A10 /* ProjectFileUploadMetaModel.swift */ = {isa = PBXFileReference; lastKnownFileType = sourcecode.swift; path = ProjectFileUploadMetaModel.swift; sourceTree = "<group>"; };
		1E51984C2843F3C3007C5A10 /* OneSkyApiClientFramework.h */ = {isa = PBXFileReference; lastKnownFileType = sourcecode.c.h; path = OneSkyApiClientFramework.h; sourceTree = "<group>"; };
		1E51984D2843F3C3007C5A10 /* OneSkyApiClientFramework.docc */ = {isa = PBXFileReference; lastKnownFileType = folder.documentationcatalog; path = OneSkyApiClientFramework.docc; sourceTree = "<group>"; };
		1E6274182895CE3E00447471 /* en */ = {isa = PBXFileReference; lastKnownFileType = text.plist.strings; name = en; path = en.lproj/Localizable.strings; sourceTree = "<group>"; };
		1E62741A2895CE4100447471 /* en-GB */ = {isa = PBXFileReference; lastKnownFileType = text.plist.strings; name = "en-GB"; path = "en-GB.lproj/Localizable.strings"; sourceTree = "<group>"; };
		1E62741B2895CE4400447471 /* es */ = {isa = PBXFileReference; lastKnownFileType = text.plist.strings; name = es; path = es.lproj/Localizable.strings; sourceTree = "<group>"; };
		1E62741D2895CE4B00447471 /* en */ = {isa = PBXFileReference; lastKnownFileType = text.plist.strings; name = en; path = en.lproj/Localizable.strings; sourceTree = "<group>"; };
		1E62741F2895CE4C00447471 /* en-GB */ = {isa = PBXFileReference; lastKnownFileType = text.plist.strings; name = "en-GB"; path = "en-GB.lproj/Localizable.strings"; sourceTree = "<group>"; };
		1E6274202895CE5000447471 /* es */ = {isa = PBXFileReference; lastKnownFileType = text.plist.strings; name = es; path = es.lproj/Localizable.strings; sourceTree = "<group>"; };
		1E6274222895DAF500447471 /* Locale.swift */ = {isa = PBXFileReference; lastKnownFileType = sourcecode.swift; path = Locale.swift; sourceTree = "<group>"; };
		1E993D2728986D7A0053D5F9 /* ApiRequestMethod.swift */ = {isa = PBXFileReference; lastKnownFileType = sourcecode.swift; path = ApiRequestMethod.swift; sourceTree = "<group>"; };
		1E993D29289872120053D5F9 /* Data+Append.swift */ = {isa = PBXFileReference; lastKnownFileType = sourcecode.swift; path = "Data+Append.swift"; sourceTree = "<group>"; };
		1E993D2B2898732E0053D5F9 /* MultipartFormRequestData.swift */ = {isa = PBXFileReference; lastKnownFileType = sourcecode.swift; path = MultipartFormRequestData.swift; sourceTree = "<group>"; };
		1EA7604A285CDDA8000BD4A9 /* OneSkyCLI */ = {isa = PBXFileReference; explicitFileType = "compiled.mach-o.executable"; includeInIndex = 0; path = OneSkyCLI; sourceTree = BUILT_PRODUCTS_DIR; };
		1EA7604E286112DE000BD4A9 /* LocaleFileFormat.swift */ = {isa = PBXFileReference; lastKnownFileType = sourcecode.swift; path = LocaleFileFormat.swift; sourceTree = "<group>"; };
		1EA7605028611B8A000BD4A9 /* TaskSequenceExecutor.swift */ = {isa = PBXFileReference; lastKnownFileType = sourcecode.swift; path = TaskSequenceExecutor.swift; sourceTree = "<group>"; };
		1EA7605328613D8D000BD4A9 /* ANSIColor.swift */ = {isa = PBXFileReference; lastKnownFileType = sourcecode.swift; path = ANSIColor.swift; sourceTree = "<group>"; };
		1EA7605528613F02000BD4A9 /* String+Color.swift */ = {isa = PBXFileReference; lastKnownFileType = sourcecode.swift; path = "String+Color.swift"; sourceTree = "<group>"; };
		1EC5D292289D9E120011310C /* OneSkyApiQueryParams.swift */ = {isa = PBXFileReference; lastKnownFileType = sourcecode.swift; path = OneSkyApiQueryParams.swift; sourceTree = "<group>"; };
		1EC5D294289DB7480011310C /* TranslationsRemoteDataSource.swift */ = {isa = PBXFileReference; lastKnownFileType = sourcecode.swift; path = TranslationsRemoteDataSource.swift; sourceTree = "<group>"; };
/* End PBXFileReference section */

/* Begin PBXFrameworksBuildPhase section */
		1E5197DA283551AD007C5A10 /* Frameworks */ = {
			isa = PBXFrameworksBuildPhase;
			buildActionMask = 2147483647;
			files = (
				1EA7604D285CDEAC000BD4A9 /* ArgumentParser in Frameworks */,
			);
			runOnlyForDeploymentPostprocessing = 0;
		};
		1E5198472843F3C3007C5A10 /* Frameworks */ = {
			isa = PBXFrameworksBuildPhase;
			buildActionMask = 2147483647;
			files = (
			);
			runOnlyForDeploymentPostprocessing = 0;
		};
/* End PBXFrameworksBuildPhase section */

/* Begin PBXGroup section */
		1E5197D4283551AD007C5A10 = {
			isa = PBXGroup;
			children = (
				1E51980A283CBBCA007C5A10 /* apikeys.plist */,
				1E5197DF283551AD007C5A10 /* OneSkyCLI */,
				1E51984B2843F3C3007C5A10 /* OneSkyClient */,
				1E1E9CCA2843F989002E0E87 /* OneSkyClient.framework */,
				1EA7604A285CDDA8000BD4A9 /* OneSkyCLI */,
			);
			sourceTree = "<group>";
		};
		1E5197DF283551AD007C5A10 /* OneSkyCLI */ = {
			isa = PBXGroup;
			children = (
				1EA7605228613D5B000BD4A9 /* CLI Colors */,
				1E5197ED283A6941007C5A10 /* SecretKeyManager */,
				1E5197E0283551AD007C5A10 /* MainCommandLineInterface.swift */,
				1EA7605028611B8A000BD4A9 /* TaskSequenceExecutor.swift */,
				1E6274192895CE3E00447471 /* Localizable.strings */,
			);
			path = OneSkyCLI;
			sourceTree = "<group>";
		};
		1E5197E728355466007C5A10 /* Api Client */ = {
			isa = PBXGroup;
			children = (
				1E5197E828355481007C5A10 /* ApiRequestBuilder.swift */,
				1E5197EA28355638007C5A10 /* ApiError.swift */,
				1E993D2728986D7A0053D5F9 /* ApiRequestMethod.swift */,
				1E5197F1283A6D78007C5A10 /* ApiClient.swift */,
				1E993D2B2898732E0053D5F9 /* MultipartFormRequestData.swift */,
				1E5197F3283A6D94007C5A10 /* OneSkyApiClient.swift */,
				1EC5D292289D9E120011310C /* OneSkyApiQueryParams.swift */,
				1E519800283C0F81007C5A10 /* OneSkyApiService.swift */,
			);
			path = "Api Client";
			sourceTree = "<group>";
		};
		1E5197EC2836B548007C5A10 /* Data Model */ = {
			isa = PBXGroup;
			children = (
				1E6274212895DAD800447471 /* Locales */,
				1E519822283FDCA0007C5A10 /* Response Meta Models */,
				1E519821283FDC8F007C5A10 /* Response Models */,
				1E519823283FDCDA007C5A10 /* ProjectGroupSummaryDataModel.swift */,
				1E519825283FDD0F007C5A10 /* ProjectSummaryDataModel.swift */,
				1E519827283FDD5B007C5A10 /* ProjectDetailsDataModel.swift */,
				1E1E9CDA284CE10C002E0E87 /* ProjectTypeDataModel.swift */,
				1E519829283FDDB7007C5A10 /* ProjectFileDataModel.swift */,
				1E51982B283FDDEE007C5A10 /* ProjectLanguageDataModel.swift */,
				1E5198392840AF1B007C5A10 /* ProjectFileImportSummaryDataModel.swift */,
				1E1E9CD228442588002E0E87 /* ProjectFileDeleteSummaryDataModel.swift */,
				1E1E9CD8284427B9002E0E87 /* StringFileUploadSummaryDataModel.swift */,
				1E2E7FA528A054CB009CAF8F /* TranslationFileDownloadSummaryModel.swift */,
				1E1E9CE0284CE2EA002E0E87 /* ProjectCreateSummaryDataModel.swift */,
				1E51983B2840AF8F007C5A10 /* ProjectFileFormat.swift */,
				1E51983D2840B2EE007C5A10 /* LocaleSummaryDataModel.swift */,
				1EA7604E286112DE000BD4A9 /* LocaleFileFormat.swift */,
			);
			path = "Data Model";
			sourceTree = "<group>";
		};
		1E5197ED283A6941007C5A10 /* SecretKeyManager */ = {
			isa = PBXGroup;
			children = (
				1E5197EE283A6976007C5A10 /* SecretKeyManager.swift */,
				1E1E9CCD2843FDF4002E0E87 /* OneSkySecretKeyHelper.swift */,
			);
			path = SecretKeyManager;
			sourceTree = "<group>";
		};
		1E5197F9283A7511007C5A10 /* Authentication */ = {
			isa = PBXGroup;
			children = (
				1E5197FA283A75EB007C5A10 /* MD5Helper.swift */,
				1E5197FE283C0C46007C5A10 /* OneSkyAuthHelpers.swift */,
			);
			path = Authentication;
			sourceTree = "<group>";
		};
		1E519802283C9B9D007C5A10 /* Helpers */ = {
			isa = PBXGroup;
			children = (
				1E519803283C9BB3007C5A10 /* OneSkyUrls.swift */,
				1E993D29289872120053D5F9 /* Data+Append.swift */,
			);
			path = Helpers;
			sourceTree = "<group>";
		};
		1E519807283CA227007C5A10 /* Remote Data Sources */ = {
			isa = PBXGroup;
			children = (
				1E519808283CA248007C5A10 /* ProjectGroupRemoteDataSource.swift */,
				1E519815283D4E74007C5A10 /* ProjectRemoteDataSource.swift */,
				1E51981D283FBA2D007C5A10 /* StringFileRemoteDataSource.swift */,
				1EC5D294289DB7480011310C /* TranslationsRemoteDataSource.swift */,
				1E51983F2840F49F007C5A10 /* LocaleRemoteDataSource.swift */,
			);
			path = "Remote Data Sources";
			sourceTree = "<group>";
		};
		1E519821283FDC8F007C5A10 /* Response Models */ = {
			isa = PBXGroup;
			children = (
				1E519805283C9E1C007C5A10 /* ProjectGroupListResponseModel.swift */,
				1E1E9CD6284426F2002E0E87 /* ProjectFileDeleteResponseModel.swift */,
				1E519817283D4EBC007C5A10 /* ProjectListResponseModel.swift */,
				1E519819283D56ED007C5A10 /* ProjectDetailsResponseModel.swift */,
				1E51981F283FBAF6007C5A10 /* StringFileListResponseModel.swift */,
				1E51981B283DD42B007C5A10 /* ProjectLanguagesResponseModel.swift */,
				1E519810283CF7D8007C5A10 /* AuthorizationErrorResponseModel.swift */,
				1E5198412840F9FE007C5A10 /* ProjectFileUploadResponseModel.swift */,
				1E1E9CDC284CE20C002E0E87 /* ProjectCreateResponseModel.swift */,
			);
			path = "Response Models";
			sourceTree = "<group>";
		};
		1E519822283FDCA0007C5A10 /* Response Meta Models */ = {
			isa = PBXGroup;
			children = (
				1E51982D283FDEEC007C5A10 /* AuthorizationErrorMetaModel.swift */,
				1E1E9CD42844269B002E0E87 /* ProjectFileDeleteResponseMetaModel.swift */,
				1E519831283FDF98007C5A10 /* ProjectListResponseMetaModel.swift */,
				1E51982F283FDF2D007C5A10 /* ProjectGroupListResponseMetaModel.swift */,
				1E519833283FE011007C5A10 /* ProjectDetailsResponseMetaModel.swift */,
				1E519835283FE085007C5A10 /* StringFileListResponseMetaModel.swift */,
				1E519837283FE0B5007C5A10 /* ProjectLanguagesResponseMetaModel.swift */,
				1E5198432840FA35007C5A10 /* ProjectFileUploadMetaModel.swift */,
				1E1E9CDE284CE2AD002E0E87 /* ProjectCreateResponseMetaModel.swift */,
			);
			path = "Response Meta Models";
			sourceTree = "<group>";
		};
		1E51984B2843F3C3007C5A10 /* OneSkyClient */ = {
			isa = PBXGroup;
			children = (
				1E1E9CCB2843FB8A002E0E87 /* OneSkyClient.swift */,
				1E519802283C9B9D007C5A10 /* Helpers */,
				1E5197F9283A7511007C5A10 /* Authentication */,
				1E5197EC2836B548007C5A10 /* Data Model */,
				1E519807283CA227007C5A10 /* Remote Data Sources */,
				1E5197E728355466007C5A10 /* Api Client */,
				1E51984C2843F3C3007C5A10 /* OneSkyApiClientFramework.h */,
				1E51984D2843F3C3007C5A10 /* OneSkyApiClientFramework.docc */,
				1E62741E2895CE4B00447471 /* Localizable.strings */,
			);
			path = OneSkyClient;
			sourceTree = "<group>";
		};
		1E6274212895DAD800447471 /* Locales */ = {
			isa = PBXGroup;
			children = (
				1E6274222895DAF500447471 /* Locale.swift */,
			);
			path = Locales;
			sourceTree = "<group>";
		};
		1EA7605228613D5B000BD4A9 /* CLI Colors */ = {
			isa = PBXGroup;
			children = (
				1EA7605328613D8D000BD4A9 /* ANSIColor.swift */,
				1EA7605528613F02000BD4A9 /* String+Color.swift */,
			);
			path = "CLI Colors";
			sourceTree = "<group>";
		};
/* End PBXGroup section */

/* Begin PBXHeadersBuildPhase section */
		1E5198452843F3C3007C5A10 /* Headers */ = {
			isa = PBXHeadersBuildPhase;
			buildActionMask = 2147483647;
			files = (
				1E51984F2843F3C3007C5A10 /* OneSkyApiClientFramework.h in Headers */,
			);
			runOnlyForDeploymentPostprocessing = 0;
		};
/* End PBXHeadersBuildPhase section */

/* Begin PBXNativeTarget section */
		1E5197DC283551AD007C5A10 /* OneSkyCLI */ = {
			isa = PBXNativeTarget;
			buildConfigurationList = 1E5197E4283551AD007C5A10 /* Build configuration list for PBXNativeTarget "OneSkyCLI" */;
			buildPhases = (
				1E5197D9283551AD007C5A10 /* Sources */,
				1E5197DA283551AD007C5A10 /* Frameworks */,
				1E5197DB283551AD007C5A10 /* CopyFiles */,
				1E51987B2843F752007C5A10 /* Embed Frameworks */,
			);
			buildRules = (
			);
			dependencies = (
				1E5198762843F549007C5A10 /* PBXTargetDependency */,
			);
			name = OneSkyCLI;
			packageProductDependencies = (
				1EA7604C285CDEAC000BD4A9 /* ArgumentParser */,
			);
			productName = OneSkyApiClient;
			productReference = 1EA7604A285CDDA8000BD4A9 /* OneSkyCLI */;
			productType = "com.apple.product-type.tool";
		};
		1E5198492843F3C3007C5A10 /* OneSkyClient */ = {
			isa = PBXNativeTarget;
			buildConfigurationList = 1E5198502843F3C3007C5A10 /* Build configuration list for PBXNativeTarget "OneSkyClient" */;
			buildPhases = (
				1E5198452843F3C3007C5A10 /* Headers */,
				1E5198462843F3C3007C5A10 /* Sources */,
				1E5198472843F3C3007C5A10 /* Frameworks */,
				1E5198482843F3C3007C5A10 /* Resources */,
			);
			buildRules = (
			);
			dependencies = (
			);
			name = OneSkyClient;
			productName = OneSkyApiClientFramework;
			productReference = 1E1E9CCA2843F989002E0E87 /* OneSkyClient.framework */;
			productType = "com.apple.product-type.framework";
		};
/* End PBXNativeTarget section */

/* Begin PBXProject section */
		1E5197D5283551AD007C5A10 /* Project object */ = {
			isa = PBXProject;
			attributes = {
				BuildIndependentTargetsInParallel = 1;
				LastSwiftUpdateCheck = 1330;
				LastUpgradeCheck = 1340;
				TargetAttributes = {
					1E5197DC283551AD007C5A10 = {
						CreatedOnToolsVersion = 13.3.1;
					};
					1E5198492843F3C3007C5A10 = {
						CreatedOnToolsVersion = 13.3.1;
					};
				};
			};
			buildConfigurationList = 1E5197D8283551AD007C5A10 /* Build configuration list for PBXProject "OneSkyApiClient" */;
			compatibilityVersion = "Xcode 13.0";
			developmentRegion = en;
			hasScannedForEncodings = 0;
			knownRegions = (
				en,
				Base,
				"en-GB",
				es,
			);
			mainGroup = 1E5197D4283551AD007C5A10;
			packageReferences = (
				1EA7604B285CDEAC000BD4A9 /* XCRemoteSwiftPackageReference "swift-argument-parser" */,
			);
			productRefGroup = 1E5197D4283551AD007C5A10;
			projectDirPath = "";
			projectRoot = "";
			targets = (
				1E5197DC283551AD007C5A10 /* OneSkyCLI */,
				1E5198492843F3C3007C5A10 /* OneSkyClient */,
			);
		};
/* End PBXProject section */

/* Begin PBXResourcesBuildPhase section */
		1E5198482843F3C3007C5A10 /* Resources */ = {
			isa = PBXResourcesBuildPhase;
			buildActionMask = 2147483647;
			files = (
				1E62741C2895CE4B00447471 /* Localizable.strings in Resources */,
			);
			runOnlyForDeploymentPostprocessing = 0;
		};
/* End PBXResourcesBuildPhase section */

/* Begin PBXSourcesBuildPhase section */
		1E5197D9283551AD007C5A10 /* Sources */ = {
			isa = PBXSourcesBuildPhase;
			buildActionMask = 2147483647;
			files = (
				1EA7605428613D8D000BD4A9 /* ANSIColor.swift in Sources */,
				1EA7605128611B8A000BD4A9 /* TaskSequenceExecutor.swift in Sources */,
				1EA7605628613F02000BD4A9 /* String+Color.swift in Sources */,
				1E5197E1283551AD007C5A10 /* MainCommandLineInterface.swift in Sources */,
				1E1E9CCE2843FDF4002E0E87 /* OneSkySecretKeyHelper.swift in Sources */,
				1E5197EF283A6976007C5A10 /* SecretKeyManager.swift in Sources */,
			);
			runOnlyForDeploymentPostprocessing = 0;
		};
		1E5198462843F3C3007C5A10 /* Sources */ = {
			isa = PBXSourcesBuildPhase;
			buildActionMask = 2147483647;
			files = (
				1E51985B2843F43B007C5A10 /* ProjectRemoteDataSource.swift in Sources */,
				1E5198622843F452007C5A10 /* ProjectGroupListResponseMetaModel.swift in Sources */,
				1E51985C2843F452007C5A10 /* ProjectListResponseMetaModel.swift in Sources */,
				1E1E9CD328442588002E0E87 /* ProjectFileDeleteSummaryDataModel.swift in Sources */,
				1E5198632843F45C007C5A10 /* AuthorizationErrorResponseModel.swift in Sources */,
				1E5198742843F48F007C5A10 /* OneSkyUrls.swift in Sources */,
				1E1E9CCC2843FB8A002E0E87 /* OneSkyClient.swift in Sources */,
				1E5198542843F421007C5A10 /* OneSkyApiService.swift in Sources */,
				1E51985D2843F452007C5A10 /* StringFileListResponseMetaModel.swift in Sources */,
				1E993D2A289872120053D5F9 /* Data+Append.swift in Sources */,
				1E1E9CD9284427B9002E0E87 /* StringFileUploadSummaryDataModel.swift in Sources */,
				1E5198682843F45C007C5A10 /* ProjectGroupListResponseModel.swift in Sources */,
				1E5198582843F43B007C5A10 /* LocaleRemoteDataSource.swift in Sources */,
				1E5198712843F465007C5A10 /* ProjectSummaryDataModel.swift in Sources */,
				1E51984E2843F3C3007C5A10 /* OneSkyApiClientFramework.docc in Sources */,
				1E51986C2843F465007C5A10 /* ProjectGroupSummaryDataModel.swift in Sources */,
				1E51986A2843F465007C5A10 /* ProjectFileImportSummaryDataModel.swift in Sources */,
				1E5198732843F47A007C5A10 /* OneSkyAuthHelpers.swift in Sources */,
				1E1E9CD52844269B002E0E87 /* ProjectFileDeleteResponseMetaModel.swift in Sources */,
				1E1E9CDB284CE10C002E0E87 /* ProjectTypeDataModel.swift in Sources */,
				1E2E7FA628A054CB009CAF8F /* TranslationFileDownloadSummaryModel.swift in Sources */,
				1E6274232895DAF500447471 /* Locale.swift in Sources */,
				1E51986D2843F465007C5A10 /* ProjectFileDataModel.swift in Sources */,
				1E51986F2843F465007C5A10 /* ProjectFileFormat.swift in Sources */,
				1E5198652843F45C007C5A10 /* ProjectLanguagesResponseModel.swift in Sources */,
				1E51985A2843F43B007C5A10 /* ProjectGroupRemoteDataSource.swift in Sources */,
				1E5198552843F421007C5A10 /* OneSkyApiClient.swift in Sources */,
				1E5198662843F45C007C5A10 /* ProjectFileUploadResponseModel.swift in Sources */,
				1E5198672843F45C007C5A10 /* ProjectListResponseModel.swift in Sources */,
				1E1E9CD7284426F2002E0E87 /* ProjectFileDeleteResponseModel.swift in Sources */,
				1EC5D295289DB7480011310C /* TranslationsRemoteDataSource.swift in Sources */,
				1E993D2C2898732E0053D5F9 /* MultipartFormRequestData.swift in Sources */,
				1EA7604F286112DE000BD4A9 /* LocaleFileFormat.swift in Sources */,
				1E51985F2843F452007C5A10 /* ProjectFileUploadMetaModel.swift in Sources */,
				1E5198642843F45C007C5A10 /* StringFileListResponseModel.swift in Sources */,
				1E5198562843F421007C5A10 /* ApiRequestBuilder.swift in Sources */,
				1E1E9CE1284CE2EA002E0E87 /* ProjectCreateSummaryDataModel.swift in Sources */,
				1E51985E2843F452007C5A10 /* ProjectLanguagesResponseMetaModel.swift in Sources */,
				1E5198532843F421007C5A10 /* ApiClient.swift in Sources */,
				1E1E9CDD284CE20C002E0E87 /* ProjectCreateResponseModel.swift in Sources */,
				1E5198702843F465007C5A10 /* ProjectDetailsDataModel.swift in Sources */,
				1E51986E2843F465007C5A10 /* LocaleSummaryDataModel.swift in Sources */,
				1E5198692843F45C007C5A10 /* ProjectDetailsResponseModel.swift in Sources */,
				1E993D2828986D7A0053D5F9 /* ApiRequestMethod.swift in Sources */,
				1E5198592843F43B007C5A10 /* StringFileRemoteDataSource.swift in Sources */,
				1E1E9CDF284CE2AD002E0E87 /* ProjectCreateResponseMetaModel.swift in Sources */,
				1EC5D293289D9E120011310C /* OneSkyApiQueryParams.swift in Sources */,
				1E5198612843F452007C5A10 /* AuthorizationErrorMetaModel.swift in Sources */,
				1E5198722843F47A007C5A10 /* MD5Helper.swift in Sources */,
				1E51986B2843F465007C5A10 /* ProjectLanguageDataModel.swift in Sources */,
				1E5198572843F421007C5A10 /* ApiError.swift in Sources */,
				1E5198602843F452007C5A10 /* ProjectDetailsResponseMetaModel.swift in Sources */,
			);
			runOnlyForDeploymentPostprocessing = 0;
		};
/* End PBXSourcesBuildPhase section */

/* Begin PBXTargetDependency section */
		1E5198762843F549007C5A10 /* PBXTargetDependency */ = {
			isa = PBXTargetDependency;
			target = 1E5198492843F3C3007C5A10 /* OneSkyClient */;
			targetProxy = 1E5198752843F549007C5A10 /* PBXContainerItemProxy */;
		};
/* End PBXTargetDependency section */

/* Begin PBXVariantGroup section */
		1E6274192895CE3E00447471 /* Localizable.strings */ = {
			isa = PBXVariantGroup;
			children = (
				1E6274182895CE3E00447471 /* en */,
				1E62741A2895CE4100447471 /* en-GB */,
				1E62741B2895CE4400447471 /* es */,
			);
			name = Localizable.strings;
			sourceTree = "<group>";
		};
		1E62741E2895CE4B00447471 /* Localizable.strings */ = {
			isa = PBXVariantGroup;
			children = (
				1E62741D2895CE4B00447471 /* en */,
				1E62741F2895CE4C00447471 /* en-GB */,
				1E6274202895CE5000447471 /* es */,
			);
			name = Localizable.strings;
			sourceTree = "<group>";
		};
/* End PBXVariantGroup section */

/* Begin XCBuildConfiguration section */
		1E5197E2283551AD007C5A10 /* Debug */ = {
			isa = XCBuildConfiguration;
			buildSettings = {
				ALWAYS_SEARCH_USER_PATHS = NO;
				CLANG_ANALYZER_LOCALIZABILITY_NONLOCALIZED = YES;
				CLANG_ANALYZER_NONNULL = YES;
				CLANG_ANALYZER_NUMBER_OBJECT_CONVERSION = YES_AGGRESSIVE;
				CLANG_CXX_LANGUAGE_STANDARD = "gnu++17";
				CLANG_ENABLE_MODULES = YES;
				CLANG_ENABLE_OBJC_ARC = YES;
				CLANG_ENABLE_OBJC_WEAK = YES;
				CLANG_WARN_BLOCK_CAPTURE_AUTORELEASING = YES;
				CLANG_WARN_BOOL_CONVERSION = YES;
				CLANG_WARN_COMMA = YES;
				CLANG_WARN_CONSTANT_CONVERSION = YES;
				CLANG_WARN_DEPRECATED_OBJC_IMPLEMENTATIONS = YES;
				CLANG_WARN_DIRECT_OBJC_ISA_USAGE = YES_ERROR;
				CLANG_WARN_DOCUMENTATION_COMMENTS = YES;
				CLANG_WARN_EMPTY_BODY = YES;
				CLANG_WARN_ENUM_CONVERSION = YES;
				CLANG_WARN_INFINITE_RECURSION = YES;
				CLANG_WARN_INT_CONVERSION = YES;
				CLANG_WARN_NON_LITERAL_NULL_CONVERSION = YES;
				CLANG_WARN_OBJC_IMPLICIT_RETAIN_SELF = YES;
				CLANG_WARN_OBJC_LITERAL_CONVERSION = YES;
				CLANG_WARN_OBJC_ROOT_CLASS = YES_ERROR;
				CLANG_WARN_QUOTED_INCLUDE_IN_FRAMEWORK_HEADER = YES;
				CLANG_WARN_RANGE_LOOP_ANALYSIS = YES;
				CLANG_WARN_STRICT_PROTOTYPES = YES;
				CLANG_WARN_SUSPICIOUS_MOVE = YES;
				CLANG_WARN_UNGUARDED_AVAILABILITY = YES_AGGRESSIVE;
				CLANG_WARN_UNREACHABLE_CODE = YES;
				CLANG_WARN__DUPLICATE_METHOD_MATCH = YES;
				COPY_PHASE_STRIP = NO;
				DEBUG_INFORMATION_FORMAT = dwarf;
				ENABLE_STRICT_OBJC_MSGSEND = YES;
				ENABLE_TESTABILITY = YES;
				GCC_C_LANGUAGE_STANDARD = gnu11;
				GCC_DYNAMIC_NO_PIC = NO;
				GCC_NO_COMMON_BLOCKS = YES;
				GCC_OPTIMIZATION_LEVEL = 0;
				GCC_PREPROCESSOR_DEFINITIONS = (
					"DEBUG=1",
					"$(inherited)",
				);
				GCC_WARN_64_TO_32_BIT_CONVERSION = YES;
				GCC_WARN_ABOUT_RETURN_TYPE = YES_ERROR;
				GCC_WARN_UNDECLARED_SELECTOR = YES;
				GCC_WARN_UNINITIALIZED_AUTOS = YES_AGGRESSIVE;
				GCC_WARN_UNUSED_FUNCTION = YES;
				GCC_WARN_UNUSED_VARIABLE = YES;
				MACOSX_DEPLOYMENT_TARGET = 12.3;
				MTL_ENABLE_DEBUG_INFO = INCLUDE_SOURCE;
				MTL_FAST_MATH = YES;
				ONLY_ACTIVE_ARCH = YES;
				SDKROOT = macosx;
				SWIFT_ACTIVE_COMPILATION_CONDITIONS = DEBUG;
				SWIFT_OPTIMIZATION_LEVEL = "-Onone";
			};
			name = Debug;
		};
		1E5197E3283551AD007C5A10 /* Release */ = {
			isa = XCBuildConfiguration;
			buildSettings = {
				ALWAYS_SEARCH_USER_PATHS = NO;
				CLANG_ANALYZER_LOCALIZABILITY_NONLOCALIZED = YES;
				CLANG_ANALYZER_NONNULL = YES;
				CLANG_ANALYZER_NUMBER_OBJECT_CONVERSION = YES_AGGRESSIVE;
				CLANG_CXX_LANGUAGE_STANDARD = "gnu++17";
				CLANG_ENABLE_MODULES = YES;
				CLANG_ENABLE_OBJC_ARC = YES;
				CLANG_ENABLE_OBJC_WEAK = YES;
				CLANG_WARN_BLOCK_CAPTURE_AUTORELEASING = YES;
				CLANG_WARN_BOOL_CONVERSION = YES;
				CLANG_WARN_COMMA = YES;
				CLANG_WARN_CONSTANT_CONVERSION = YES;
				CLANG_WARN_DEPRECATED_OBJC_IMPLEMENTATIONS = YES;
				CLANG_WARN_DIRECT_OBJC_ISA_USAGE = YES_ERROR;
				CLANG_WARN_DOCUMENTATION_COMMENTS = YES;
				CLANG_WARN_EMPTY_BODY = YES;
				CLANG_WARN_ENUM_CONVERSION = YES;
				CLANG_WARN_INFINITE_RECURSION = YES;
				CLANG_WARN_INT_CONVERSION = YES;
				CLANG_WARN_NON_LITERAL_NULL_CONVERSION = YES;
				CLANG_WARN_OBJC_IMPLICIT_RETAIN_SELF = YES;
				CLANG_WARN_OBJC_LITERAL_CONVERSION = YES;
				CLANG_WARN_OBJC_ROOT_CLASS = YES_ERROR;
				CLANG_WARN_QUOTED_INCLUDE_IN_FRAMEWORK_HEADER = YES;
				CLANG_WARN_RANGE_LOOP_ANALYSIS = YES;
				CLANG_WARN_STRICT_PROTOTYPES = YES;
				CLANG_WARN_SUSPICIOUS_MOVE = YES;
				CLANG_WARN_UNGUARDED_AVAILABILITY = YES_AGGRESSIVE;
				CLANG_WARN_UNREACHABLE_CODE = YES;
				CLANG_WARN__DUPLICATE_METHOD_MATCH = YES;
				COPY_PHASE_STRIP = NO;
				DEBUG_INFORMATION_FORMAT = "dwarf-with-dsym";
				ENABLE_NS_ASSERTIONS = NO;
				ENABLE_STRICT_OBJC_MSGSEND = YES;
				GCC_C_LANGUAGE_STANDARD = gnu11;
				GCC_NO_COMMON_BLOCKS = YES;
				GCC_WARN_64_TO_32_BIT_CONVERSION = YES;
				GCC_WARN_ABOUT_RETURN_TYPE = YES_ERROR;
				GCC_WARN_UNDECLARED_SELECTOR = YES;
				GCC_WARN_UNINITIALIZED_AUTOS = YES_AGGRESSIVE;
				GCC_WARN_UNUSED_FUNCTION = YES;
				GCC_WARN_UNUSED_VARIABLE = YES;
				MACOSX_DEPLOYMENT_TARGET = 12.3;
				MTL_ENABLE_DEBUG_INFO = NO;
				MTL_FAST_MATH = YES;
				SDKROOT = macosx;
				SWIFT_COMPILATION_MODE = wholemodule;
				SWIFT_OPTIMIZATION_LEVEL = "-O";
			};
			name = Release;
		};
		1E5197E5283551AD007C5A10 /* Debug */ = {
			isa = XCBuildConfiguration;
			buildSettings = {
				CODE_SIGN_IDENTITY = "-";
				CODE_SIGN_STYLE = Automatic;
				DEVELOPMENT_TEAM = 57FB56R42B;
				ENABLE_HARDENED_RUNTIME = YES;
				PRODUCT_BUNDLE_IDENTIFIER = com.rajusa.OneSkyCLI;
				PRODUCT_NAME = "$(TARGET_NAME)";
				SWIFT_VERSION = 5.0;
			};
			name = Debug;
		};
		1E5197E6283551AD007C5A10 /* Release */ = {
			isa = XCBuildConfiguration;
			buildSettings = {
				CODE_SIGN_IDENTITY = "-";
				CODE_SIGN_STYLE = Automatic;
				DEVELOPMENT_TEAM = 57FB56R42B;
				ENABLE_HARDENED_RUNTIME = YES;
				PRODUCT_BUNDLE_IDENTIFIER = com.rajusa.OneSkyCLI;
				PRODUCT_NAME = "$(TARGET_NAME)";
				SWIFT_VERSION = 5.0;
			};
			name = Release;
		};
		1E5198512843F3C3007C5A10 /* Debug */ = {
			isa = XCBuildConfiguration;
			buildSettings = {
				APPLICATION_EXTENSION_API_ONLY = YES;
				CODE_SIGN_STYLE = Automatic;
				CURRENT_PROJECT_VERSION = 1;
				DEFINES_MODULE = YES;
				DEVELOPMENT_TEAM = 57FB56R42B;
				DYLIB_COMPATIBILITY_VERSION = 1;
				DYLIB_CURRENT_VERSION = 1;
				DYLIB_INSTALL_NAME_BASE = "@rpath";
				GENERATE_INFOPLIST_FILE = YES;
				INFOPLIST_KEY_NSHumanReadableCopyright = "";
				INSTALL_PATH = "$(LOCAL_LIBRARY_DIR)/Frameworks";
				LD_RUNPATH_SEARCH_PATHS = (
					"$(inherited)",
					"@executable_path/Frameworks",
					"@loader_path/Frameworks",
				);
				MARKETING_VERSION = 1.0;
				PRODUCT_BUNDLE_IDENTIFIER = com.rajusa.OneSkyClient;
				PRODUCT_NAME = "$(TARGET_NAME:c99extidentifier)";
				SKIP_INSTALL = YES;
				SWIFT_EMIT_LOC_STRINGS = YES;
				SWIFT_VERSION = 5.0;
				TARGETED_DEVICE_FAMILY = 4;
				VERSIONING_SYSTEM = "apple-generic";
				VERSION_INFO_PREFIX = "";
			};
			name = Debug;
		};
		1E5198522843F3C3007C5A10 /* Release */ = {
			isa = XCBuildConfiguration;
			buildSettings = {
				APPLICATION_EXTENSION_API_ONLY = YES;
				CODE_SIGN_STYLE = Automatic;
				CURRENT_PROJECT_VERSION = 1;
				DEFINES_MODULE = YES;
				DEVELOPMENT_TEAM = 57FB56R42B;
				DYLIB_COMPATIBILITY_VERSION = 1;
				DYLIB_CURRENT_VERSION = 1;
				DYLIB_INSTALL_NAME_BASE = "@rpath";
				GENERATE_INFOPLIST_FILE = YES;
				INFOPLIST_KEY_NSHumanReadableCopyright = "";
				INSTALL_PATH = "$(LOCAL_LIBRARY_DIR)/Frameworks";
				LD_RUNPATH_SEARCH_PATHS = (
					"$(inherited)",
					"@executable_path/Frameworks",
					"@loader_path/Frameworks",
				);
				MARKETING_VERSION = 1.0;
				PRODUCT_BUNDLE_IDENTIFIER = com.rajusa.OneSkyClient;
				PRODUCT_NAME = "$(TARGET_NAME:c99extidentifier)";
				SKIP_INSTALL = YES;
				SWIFT_EMIT_LOC_STRINGS = YES;
				SWIFT_VERSION = 5.0;
				TARGETED_DEVICE_FAMILY = 4;
				VERSIONING_SYSTEM = "apple-generic";
				VERSION_INFO_PREFIX = "";
			};
			name = Release;
		};
/* End XCBuildConfiguration section */

/* Begin XCConfigurationList section */
		1E5197D8283551AD007C5A10 /* Build configuration list for PBXProject "OneSkyApiClient" */ = {
			isa = XCConfigurationList;
			buildConfigurations = (
				1E5197E2283551AD007C5A10 /* Debug */,
				1E5197E3283551AD007C5A10 /* Release */,
			);
			defaultConfigurationIsVisible = 0;
			defaultConfigurationName = Release;
		};
		1E5197E4283551AD007C5A10 /* Build configuration list for PBXNativeTarget "OneSkyCLI" */ = {
			isa = XCConfigurationList;
			buildConfigurations = (
				1E5197E5283551AD007C5A10 /* Debug */,
				1E5197E6283551AD007C5A10 /* Release */,
			);
			defaultConfigurationIsVisible = 0;
			defaultConfigurationName = Release;
		};
		1E5198502843F3C3007C5A10 /* Build configuration list for PBXNativeTarget "OneSkyClient" */ = {
			isa = XCConfigurationList;
			buildConfigurations = (
				1E5198512843F3C3007C5A10 /* Debug */,
				1E5198522843F3C3007C5A10 /* Release */,
			);
			defaultConfigurationIsVisible = 0;
			defaultConfigurationName = Release;
		};
/* End XCConfigurationList section */

/* Begin XCRemoteSwiftPackageReference section */
		1EA7604B285CDEAC000BD4A9 /* XCRemoteSwiftPackageReference "swift-argument-parser" */ = {
			isa = XCRemoteSwiftPackageReference;
			repositoryURL = "https://github.com/apple/swift-argument-parser.git";
			requirement = {
				kind = upToNextMajorVersion;
				minimumVersion = 1.0.0;
			};
		};
/* End XCRemoteSwiftPackageReference section */

/* Begin XCSwiftPackageProductDependency section */
		1EA7604C285CDEAC000BD4A9 /* ArgumentParser */ = {
			isa = XCSwiftPackageProductDependency;
			package = 1EA7604B285CDEAC000BD4A9 /* XCRemoteSwiftPackageReference "swift-argument-parser" */;
			productName = ArgumentParser;
		};
/* End XCSwiftPackageProductDependency section */
	};
	rootObject = 1E5197D5283551AD007C5A10 /* Project object */;
}
