// !$*UTF8*$!
{
	archiveVersion = 1;
	classes = {
	};
	objectVersion = 55;
	objects = {

/* Begin PBXBuildFile section */
		1E5197E1283551AD007C5A10 /* CommandLineInterfaceMain.swift in Sources */ = {isa = PBXBuildFile; fileRef = 1E5197E0283551AD007C5A10 /* CommandLineInterfaceMain.swift */; };
		1E5197E928355481007C5A10 /* ApiRequestBuilder.swift in Sources */ = {isa = PBXBuildFile; fileRef = 1E5197E828355481007C5A10 /* ApiRequestBuilder.swift */; };
		1E5197EB28355638007C5A10 /* ApiError.swift in Sources */ = {isa = PBXBuildFile; fileRef = 1E5197EA28355638007C5A10 /* ApiError.swift */; };
		1E5197EF283A6976007C5A10 /* SecretKeyManager.swift in Sources */ = {isa = PBXBuildFile; fileRef = 1E5197EE283A6976007C5A10 /* SecretKeyManager.swift */; };
		1E5197F2283A6D78007C5A10 /* ApiClient.swift in Sources */ = {isa = PBXBuildFile; fileRef = 1E5197F1283A6D78007C5A10 /* ApiClient.swift */; };
		1E5197F4283A6D94007C5A10 /* OneSkyApiClient.swift in Sources */ = {isa = PBXBuildFile; fileRef = 1E5197F3283A6D94007C5A10 /* OneSkyApiClient.swift */; };
		1E5197FB283A75EB007C5A10 /* MD5Helper.swift in Sources */ = {isa = PBXBuildFile; fileRef = 1E5197FA283A75EB007C5A10 /* MD5Helper.swift */; };
		1E5197FF283C0C46007C5A10 /* OneSkyAuthHelpers.swift in Sources */ = {isa = PBXBuildFile; fileRef = 1E5197FE283C0C46007C5A10 /* OneSkyAuthHelpers.swift */; };
		1E519801283C0F81007C5A10 /* OneSkyApiService.swift in Sources */ = {isa = PBXBuildFile; fileRef = 1E519800283C0F81007C5A10 /* OneSkyApiService.swift */; };
		1E519804283C9BB3007C5A10 /* ApplicationUrls.swift in Sources */ = {isa = PBXBuildFile; fileRef = 1E519803283C9BB3007C5A10 /* ApplicationUrls.swift */; };
		1E519806283C9E1C007C5A10 /* ProjectGroupListResponseModel.swift in Sources */ = {isa = PBXBuildFile; fileRef = 1E519805283C9E1C007C5A10 /* ProjectGroupListResponseModel.swift */; };
		1E519809283CA248007C5A10 /* ProjectGroupRemoteDataSource.swift in Sources */ = {isa = PBXBuildFile; fileRef = 1E519808283CA248007C5A10 /* ProjectGroupRemoteDataSource.swift */; };
		1E519811283CF7D8007C5A10 /* AuthorizationErrorResponseModel.swift in Sources */ = {isa = PBXBuildFile; fileRef = 1E519810283CF7D8007C5A10 /* AuthorizationErrorResponseModel.swift */; };
		1E519814283D0165007C5A10 /* ArgumentParser in Frameworks */ = {isa = PBXBuildFile; productRef = 1E519813283D0165007C5A10 /* ArgumentParser */; };
		1E519816283D4E74007C5A10 /* ProjectRemoteDataSource.swift in Sources */ = {isa = PBXBuildFile; fileRef = 1E519815283D4E74007C5A10 /* ProjectRemoteDataSource.swift */; };
		1E519818283D4EBC007C5A10 /* ProjectListResponseModel.swift in Sources */ = {isa = PBXBuildFile; fileRef = 1E519817283D4EBC007C5A10 /* ProjectListResponseModel.swift */; };
		1E51981A283D56ED007C5A10 /* ProjectDetailsResponseModel.swift in Sources */ = {isa = PBXBuildFile; fileRef = 1E519819283D56ED007C5A10 /* ProjectDetailsResponseModel.swift */; };
		1E51981C283DD42B007C5A10 /* ProjectLanguagesResponseModel.swift in Sources */ = {isa = PBXBuildFile; fileRef = 1E51981B283DD42B007C5A10 /* ProjectLanguagesResponseModel.swift */; };
/* End PBXBuildFile section */

/* Begin PBXCopyFilesBuildPhase section */
		1E5197DB283551AD007C5A10 /* CopyFiles */ = {
			isa = PBXCopyFilesBuildPhase;
			buildActionMask = 12;
			dstPath = usr/share/man/man1;
			dstSubfolderSpec = 0;
			files = (
			);
			runOnlyForDeploymentPostprocessing = 0;
		};
/* End PBXCopyFilesBuildPhase section */

/* Begin PBXFileReference section */
		1E5197DD283551AD007C5A10 /* OneSkyApiClient */ = {isa = PBXFileReference; explicitFileType = "compiled.mach-o.executable"; includeInIndex = 0; path = OneSkyApiClient; sourceTree = BUILT_PRODUCTS_DIR; };
		1E5197E0283551AD007C5A10 /* CommandLineInterfaceMain.swift */ = {isa = PBXFileReference; lastKnownFileType = sourcecode.swift; path = CommandLineInterfaceMain.swift; sourceTree = "<group>"; };
		1E5197E828355481007C5A10 /* ApiRequestBuilder.swift */ = {isa = PBXFileReference; lastKnownFileType = sourcecode.swift; path = ApiRequestBuilder.swift; sourceTree = "<group>"; };
		1E5197EA28355638007C5A10 /* ApiError.swift */ = {isa = PBXFileReference; lastKnownFileType = sourcecode.swift; path = ApiError.swift; sourceTree = "<group>"; };
		1E5197EE283A6976007C5A10 /* SecretKeyManager.swift */ = {isa = PBXFileReference; lastKnownFileType = sourcecode.swift; path = SecretKeyManager.swift; sourceTree = "<group>"; };
		1E5197F1283A6D78007C5A10 /* ApiClient.swift */ = {isa = PBXFileReference; lastKnownFileType = sourcecode.swift; path = ApiClient.swift; sourceTree = "<group>"; };
		1E5197F3283A6D94007C5A10 /* OneSkyApiClient.swift */ = {isa = PBXFileReference; lastKnownFileType = sourcecode.swift; path = OneSkyApiClient.swift; sourceTree = "<group>"; };
		1E5197FA283A75EB007C5A10 /* MD5Helper.swift */ = {isa = PBXFileReference; lastKnownFileType = sourcecode.swift; path = MD5Helper.swift; sourceTree = "<group>"; };
		1E5197FE283C0C46007C5A10 /* OneSkyAuthHelpers.swift */ = {isa = PBXFileReference; lastKnownFileType = sourcecode.swift; path = OneSkyAuthHelpers.swift; sourceTree = "<group>"; };
		1E519800283C0F81007C5A10 /* OneSkyApiService.swift */ = {isa = PBXFileReference; lastKnownFileType = sourcecode.swift; path = OneSkyApiService.swift; sourceTree = "<group>"; };
		1E519803283C9BB3007C5A10 /* ApplicationUrls.swift */ = {isa = PBXFileReference; lastKnownFileType = sourcecode.swift; path = ApplicationUrls.swift; sourceTree = "<group>"; };
		1E519805283C9E1C007C5A10 /* ProjectGroupListResponseModel.swift */ = {isa = PBXFileReference; lastKnownFileType = sourcecode.swift; path = ProjectGroupListResponseModel.swift; sourceTree = "<group>"; };
		1E519808283CA248007C5A10 /* ProjectGroupRemoteDataSource.swift */ = {isa = PBXFileReference; lastKnownFileType = sourcecode.swift; path = ProjectGroupRemoteDataSource.swift; sourceTree = "<group>"; };
		1E51980A283CBBCA007C5A10 /* apikeys.plist */ = {isa = PBXFileReference; lastKnownFileType = file.bplist; path = apikeys.plist; sourceTree = "<group>"; };
		1E519810283CF7D8007C5A10 /* AuthorizationErrorResponseModel.swift */ = {isa = PBXFileReference; lastKnownFileType = sourcecode.swift; path = AuthorizationErrorResponseModel.swift; sourceTree = "<group>"; };
		1E519815283D4E74007C5A10 /* ProjectRemoteDataSource.swift */ = {isa = PBXFileReference; lastKnownFileType = sourcecode.swift; path = ProjectRemoteDataSource.swift; sourceTree = "<group>"; };
		1E519817283D4EBC007C5A10 /* ProjectListResponseModel.swift */ = {isa = PBXFileReference; lastKnownFileType = sourcecode.swift; path = ProjectListResponseModel.swift; sourceTree = "<group>"; };
		1E519819283D56ED007C5A10 /* ProjectDetailsResponseModel.swift */ = {isa = PBXFileReference; lastKnownFileType = sourcecode.swift; path = ProjectDetailsResponseModel.swift; sourceTree = "<group>"; };
		1E51981B283DD42B007C5A10 /* ProjectLanguagesResponseModel.swift */ = {isa = PBXFileReference; lastKnownFileType = sourcecode.swift; path = ProjectLanguagesResponseModel.swift; sourceTree = "<group>"; };
/* End PBXFileReference section */

/* Begin PBXFrameworksBuildPhase section */
		1E5197DA283551AD007C5A10 /* Frameworks */ = {
			isa = PBXFrameworksBuildPhase;
			buildActionMask = 2147483647;
			files = (
				1E519814283D0165007C5A10 /* ArgumentParser in Frameworks */,
			);
			runOnlyForDeploymentPostprocessing = 0;
		};
/* End PBXFrameworksBuildPhase section */

/* Begin PBXGroup section */
		1E5197D4283551AD007C5A10 = {
			isa = PBXGroup;
			children = (
				1E51980A283CBBCA007C5A10 /* apikeys.plist */,
				1E5197DF283551AD007C5A10 /* OneSkyApiClient */,
				1E5197DE283551AD007C5A10 /* Products */,
			);
			sourceTree = "<group>";
		};
		1E5197DE283551AD007C5A10 /* Products */ = {
			isa = PBXGroup;
			children = (
				1E5197DD283551AD007C5A10 /* OneSkyApiClient */,
			);
			name = Products;
			sourceTree = "<group>";
		};
		1E5197DF283551AD007C5A10 /* OneSkyApiClient */ = {
			isa = PBXGroup;
			children = (
				1E519802283C9B9D007C5A10 /* Helpers */,
				1E5197F9283A7511007C5A10 /* Authentication */,
				1E5197EC2836B548007C5A10 /* Data Model */,
				1E519807283CA227007C5A10 /* Remote Data Sources */,
				1E5197E728355466007C5A10 /* Api Client */,
				1E5197ED283A6941007C5A10 /* SecretKeyManager */,
				1E5197E0283551AD007C5A10 /* CommandLineInterfaceMain.swift */,
			);
			path = OneSkyApiClient;
			sourceTree = "<group>";
		};
		1E5197E728355466007C5A10 /* Api Client */ = {
			isa = PBXGroup;
			children = (
				1E5197E828355481007C5A10 /* ApiRequestBuilder.swift */,
				1E5197EA28355638007C5A10 /* ApiError.swift */,
				1E5197F1283A6D78007C5A10 /* ApiClient.swift */,
				1E5197F3283A6D94007C5A10 /* OneSkyApiClient.swift */,
				1E519800283C0F81007C5A10 /* OneSkyApiService.swift */,
			);
			path = "Api Client";
			sourceTree = "<group>";
		};
		1E5197EC2836B548007C5A10 /* Data Model */ = {
			isa = PBXGroup;
			children = (
				1E519805283C9E1C007C5A10 /* ProjectGroupListResponseModel.swift */,
				1E519817283D4EBC007C5A10 /* ProjectListResponseModel.swift */,
				1E519819283D56ED007C5A10 /* ProjectDetailsResponseModel.swift */,
				1E51981B283DD42B007C5A10 /* ProjectLanguagesResponseModel.swift */,
				1E519810283CF7D8007C5A10 /* AuthorizationErrorResponseModel.swift */,
			);
			path = "Data Model";
			sourceTree = "<group>";
		};
		1E5197ED283A6941007C5A10 /* SecretKeyManager */ = {
			isa = PBXGroup;
			children = (
				1E5197EE283A6976007C5A10 /* SecretKeyManager.swift */,
			);
			path = SecretKeyManager;
			sourceTree = "<group>";
		};
		1E5197F9283A7511007C5A10 /* Authentication */ = {
			isa = PBXGroup;
			children = (
				1E5197FA283A75EB007C5A10 /* MD5Helper.swift */,
				1E5197FE283C0C46007C5A10 /* OneSkyAuthHelpers.swift */,
			);
			path = Authentication;
			sourceTree = "<group>";
		};
		1E519802283C9B9D007C5A10 /* Helpers */ = {
			isa = PBXGroup;
			children = (
				1E519803283C9BB3007C5A10 /* ApplicationUrls.swift */,
			);
			path = Helpers;
			sourceTree = "<group>";
		};
		1E519807283CA227007C5A10 /* Remote Data Sources */ = {
			isa = PBXGroup;
			children = (
				1E519808283CA248007C5A10 /* ProjectGroupRemoteDataSource.swift */,
				1E519815283D4E74007C5A10 /* ProjectRemoteDataSource.swift */,
			);
			path = "Remote Data Sources";
			sourceTree = "<group>";
		};
/* End PBXGroup section */

/* Begin PBXNativeTarget section */
		1E5197DC283551AD007C5A10 /* OneSkyApiClient */ = {
			isa = PBXNativeTarget;
			buildConfigurationList = 1E5197E4283551AD007C5A10 /* Build configuration list for PBXNativeTarget "OneSkyApiClient" */;
			buildPhases = (
				1E5197D9283551AD007C5A10 /* Sources */,
				1E5197DA283551AD007C5A10 /* Frameworks */,
				1E5197DB283551AD007C5A10 /* CopyFiles */,
			);
			buildRules = (
			);
			dependencies = (
			);
			name = OneSkyApiClient;
			packageProductDependencies = (
				1E519813283D0165007C5A10 /* ArgumentParser */,
			);
			productName = OneSkyApiClient;
			productReference = 1E5197DD283551AD007C5A10 /* OneSkyApiClient */;
			productType = "com.apple.product-type.tool";
		};
/* End PBXNativeTarget section */

/* Begin PBXProject section */
		1E5197D5283551AD007C5A10 /* Project object */ = {
			isa = PBXProject;
			attributes = {
				BuildIndependentTargetsInParallel = 1;
				LastSwiftUpdateCheck = 1330;
				LastUpgradeCheck = 1330;
				TargetAttributes = {
					1E5197DC283551AD007C5A10 = {
						CreatedOnToolsVersion = 13.3.1;
					};
				};
			};
			buildConfigurationList = 1E5197D8283551AD007C5A10 /* Build configuration list for PBXProject "OneSkyApiClient" */;
			compatibilityVersion = "Xcode 13.0";
			developmentRegion = en;
			hasScannedForEncodings = 0;
			knownRegions = (
				en,
				Base,
			);
			mainGroup = 1E5197D4283551AD007C5A10;
			packageReferences = (
				1E519812283D0165007C5A10 /* XCRemoteSwiftPackageReference "swift-argument-parser" */,
			);
			productRefGroup = 1E5197DE283551AD007C5A10 /* Products */;
			projectDirPath = "";
			projectRoot = "";
			targets = (
				1E5197DC283551AD007C5A10 /* OneSkyApiClient */,
			);
		};
/* End PBXProject section */

/* Begin PBXSourcesBuildPhase section */
		1E5197D9283551AD007C5A10 /* Sources */ = {
			isa = PBXSourcesBuildPhase;
			buildActionMask = 2147483647;
			files = (
				1E519809283CA248007C5A10 /* ProjectGroupRemoteDataSource.swift in Sources */,
				1E5197FF283C0C46007C5A10 /* OneSkyAuthHelpers.swift in Sources */,
				1E519811283CF7D8007C5A10 /* AuthorizationErrorResponseModel.swift in Sources */,
				1E5197E928355481007C5A10 /* ApiRequestBuilder.swift in Sources */,
				1E51981C283DD42B007C5A10 /* ProjectLanguagesResponseModel.swift in Sources */,
				1E5197E1283551AD007C5A10 /* CommandLineInterfaceMain.swift in Sources */,
				1E5197EB28355638007C5A10 /* ApiError.swift in Sources */,
				1E519806283C9E1C007C5A10 /* ProjectGroupListResponseModel.swift in Sources */,
				1E519801283C0F81007C5A10 /* OneSkyApiService.swift in Sources */,
				1E519818283D4EBC007C5A10 /* ProjectListResponseModel.swift in Sources */,
				1E519804283C9BB3007C5A10 /* ApplicationUrls.swift in Sources */,
				1E5197EF283A6976007C5A10 /* SecretKeyManager.swift in Sources */,
				1E51981A283D56ED007C5A10 /* ProjectDetailsResponseModel.swift in Sources */,
				1E519816283D4E74007C5A10 /* ProjectRemoteDataSource.swift in Sources */,
				1E5197F4283A6D94007C5A10 /* OneSkyApiClient.swift in Sources */,
				1E5197F2283A6D78007C5A10 /* ApiClient.swift in Sources */,
				1E5197FB283A75EB007C5A10 /* MD5Helper.swift in Sources */,
			);
			runOnlyForDeploymentPostprocessing = 0;
		};
/* End PBXSourcesBuildPhase section */

/* Begin XCBuildConfiguration section */
		1E5197E2283551AD007C5A10 /* Debug */ = {
			isa = XCBuildConfiguration;
			buildSettings = {
				ALWAYS_SEARCH_USER_PATHS = NO;
				CLANG_ANALYZER_NONNULL = YES;
				CLANG_ANALYZER_NUMBER_OBJECT_CONVERSION = YES_AGGRESSIVE;
				CLANG_CXX_LANGUAGE_STANDARD = "gnu++17";
				CLANG_ENABLE_MODULES = YES;
				CLANG_ENABLE_OBJC_ARC = YES;
				CLANG_ENABLE_OBJC_WEAK = YES;
				CLANG_WARN_BLOCK_CAPTURE_AUTORELEASING = YES;
				CLANG_WARN_BOOL_CONVERSION = YES;
				CLANG_WARN_COMMA = YES;
				CLANG_WARN_CONSTANT_CONVERSION = YES;
				CLANG_WARN_DEPRECATED_OBJC_IMPLEMENTATIONS = YES;
				CLANG_WARN_DIRECT_OBJC_ISA_USAGE = YES_ERROR;
				CLANG_WARN_DOCUMENTATION_COMMENTS = YES;
				CLANG_WARN_EMPTY_BODY = YES;
				CLANG_WARN_ENUM_CONVERSION = YES;
				CLANG_WARN_INFINITE_RECURSION = YES;
				CLANG_WARN_INT_CONVERSION = YES;
				CLANG_WARN_NON_LITERAL_NULL_CONVERSION = YES;
				CLANG_WARN_OBJC_IMPLICIT_RETAIN_SELF = YES;
				CLANG_WARN_OBJC_LITERAL_CONVERSION = YES;
				CLANG_WARN_OBJC_ROOT_CLASS = YES_ERROR;
				CLANG_WARN_QUOTED_INCLUDE_IN_FRAMEWORK_HEADER = YES;
				CLANG_WARN_RANGE_LOOP_ANALYSIS = YES;
				CLANG_WARN_STRICT_PROTOTYPES = YES;
				CLANG_WARN_SUSPICIOUS_MOVE = YES;
				CLANG_WARN_UNGUARDED_AVAILABILITY = YES_AGGRESSIVE;
				CLANG_WARN_UNREACHABLE_CODE = YES;
				CLANG_WARN__DUPLICATE_METHOD_MATCH = YES;
				COPY_PHASE_STRIP = NO;
				DEBUG_INFORMATION_FORMAT = dwarf;
				ENABLE_STRICT_OBJC_MSGSEND = YES;
				ENABLE_TESTABILITY = YES;
				GCC_C_LANGUAGE_STANDARD = gnu11;
				GCC_DYNAMIC_NO_PIC = NO;
				GCC_NO_COMMON_BLOCKS = YES;
				GCC_OPTIMIZATION_LEVEL = 0;
				GCC_PREPROCESSOR_DEFINITIONS = (
					"DEBUG=1",
					"$(inherited)",
				);
				GCC_WARN_64_TO_32_BIT_CONVERSION = YES;
				GCC_WARN_ABOUT_RETURN_TYPE = YES_ERROR;
				GCC_WARN_UNDECLARED_SELECTOR = YES;
				GCC_WARN_UNINITIALIZED_AUTOS = YES_AGGRESSIVE;
				GCC_WARN_UNUSED_FUNCTION = YES;
				GCC_WARN_UNUSED_VARIABLE = YES;
				MACOSX_DEPLOYMENT_TARGET = 12.3;
				MTL_ENABLE_DEBUG_INFO = INCLUDE_SOURCE;
				MTL_FAST_MATH = YES;
				ONLY_ACTIVE_ARCH = YES;
				SDKROOT = macosx;
				SWIFT_ACTIVE_COMPILATION_CONDITIONS = DEBUG;
				SWIFT_OPTIMIZATION_LEVEL = "-Onone";
			};
			name = Debug;
		};
		1E5197E3283551AD007C5A10 /* Release */ = {
			isa = XCBuildConfiguration;
			buildSettings = {
				ALWAYS_SEARCH_USER_PATHS = NO;
				CLANG_ANALYZER_NONNULL = YES;
				CLANG_ANALYZER_NUMBER_OBJECT_CONVERSION = YES_AGGRESSIVE;
				CLANG_CXX_LANGUAGE_STANDARD = "gnu++17";
				CLANG_ENABLE_MODULES = YES;
				CLANG_ENABLE_OBJC_ARC = YES;
				CLANG_ENABLE_OBJC_WEAK = YES;
				CLANG_WARN_BLOCK_CAPTURE_AUTORELEASING = YES;
				CLANG_WARN_BOOL_CONVERSION = YES;
				CLANG_WARN_COMMA = YES;
				CLANG_WARN_CONSTANT_CONVERSION = YES;
				CLANG_WARN_DEPRECATED_OBJC_IMPLEMENTATIONS = YES;
				CLANG_WARN_DIRECT_OBJC_ISA_USAGE = YES_ERROR;
				CLANG_WARN_DOCUMENTATION_COMMENTS = YES;
				CLANG_WARN_EMPTY_BODY = YES;
				CLANG_WARN_ENUM_CONVERSION = YES;
				CLANG_WARN_INFINITE_RECURSION = YES;
				CLANG_WARN_INT_CONVERSION = YES;
				CLANG_WARN_NON_LITERAL_NULL_CONVERSION = YES;
				CLANG_WARN_OBJC_IMPLICIT_RETAIN_SELF = YES;
				CLANG_WARN_OBJC_LITERAL_CONVERSION = YES;
				CLANG_WARN_OBJC_ROOT_CLASS = YES_ERROR;
				CLANG_WARN_QUOTED_INCLUDE_IN_FRAMEWORK_HEADER = YES;
				CLANG_WARN_RANGE_LOOP_ANALYSIS = YES;
				CLANG_WARN_STRICT_PROTOTYPES = YES;
				CLANG_WARN_SUSPICIOUS_MOVE = YES;
				CLANG_WARN_UNGUARDED_AVAILABILITY = YES_AGGRESSIVE;
				CLANG_WARN_UNREACHABLE_CODE = YES;
				CLANG_WARN__DUPLICATE_METHOD_MATCH = YES;
				COPY_PHASE_STRIP = NO;
				DEBUG_INFORMATION_FORMAT = "dwarf-with-dsym";
				ENABLE_NS_ASSERTIONS = NO;
				ENABLE_STRICT_OBJC_MSGSEND = YES;
				GCC_C_LANGUAGE_STANDARD = gnu11;
				GCC_NO_COMMON_BLOCKS = YES;
				GCC_WARN_64_TO_32_BIT_CONVERSION = YES;
				GCC_WARN_ABOUT_RETURN_TYPE = YES_ERROR;
				GCC_WARN_UNDECLARED_SELECTOR = YES;
				GCC_WARN_UNINITIALIZED_AUTOS = YES_AGGRESSIVE;
				GCC_WARN_UNUSED_FUNCTION = YES;
				GCC_WARN_UNUSED_VARIABLE = YES;
				MACOSX_DEPLOYMENT_TARGET = 12.3;
				MTL_ENABLE_DEBUG_INFO = NO;
				MTL_FAST_MATH = YES;
				SDKROOT = macosx;
				SWIFT_COMPILATION_MODE = wholemodule;
				SWIFT_OPTIMIZATION_LEVEL = "-O";
			};
			name = Release;
		};
		1E5197E5283551AD007C5A10 /* Debug */ = {
			isa = XCBuildConfiguration;
			buildSettings = {
				CODE_SIGN_STYLE = Automatic;
				DEVELOPMENT_TEAM = 57FB56R42B;
				ENABLE_HARDENED_RUNTIME = YES;
				PRODUCT_NAME = "$(TARGET_NAME)";
				SWIFT_VERSION = 5.0;
			};
			name = Debug;
		};
		1E5197E6283551AD007C5A10 /* Release */ = {
			isa = XCBuildConfiguration;
			buildSettings = {
				CODE_SIGN_STYLE = Automatic;
				DEVELOPMENT_TEAM = 57FB56R42B;
				ENABLE_HARDENED_RUNTIME = YES;
				PRODUCT_NAME = "$(TARGET_NAME)";
				SWIFT_VERSION = 5.0;
			};
			name = Release;
		};
/* End XCBuildConfiguration section */

/* Begin XCConfigurationList section */
		1E5197D8283551AD007C5A10 /* Build configuration list for PBXProject "OneSkyApiClient" */ = {
			isa = XCConfigurationList;
			buildConfigurations = (
				1E5197E2283551AD007C5A10 /* Debug */,
				1E5197E3283551AD007C5A10 /* Release */,
			);
			defaultConfigurationIsVisible = 0;
			defaultConfigurationName = Release;
		};
		1E5197E4283551AD007C5A10 /* Build configuration list for PBXNativeTarget "OneSkyApiClient" */ = {
			isa = XCConfigurationList;
			buildConfigurations = (
				1E5197E5283551AD007C5A10 /* Debug */,
				1E5197E6283551AD007C5A10 /* Release */,
			);
			defaultConfigurationIsVisible = 0;
			defaultConfigurationName = Release;
		};
/* End XCConfigurationList section */

/* Begin XCRemoteSwiftPackageReference section */
		1E519812283D0165007C5A10 /* XCRemoteSwiftPackageReference "swift-argument-parser" */ = {
			isa = XCRemoteSwiftPackageReference;
			repositoryURL = "https://github.com/apple/swift-argument-parser.git";
			requirement = {
				kind = upToNextMajorVersion;
				minimumVersion = 1.0.0;
			};
		};
/* End XCRemoteSwiftPackageReference section */

/* Begin XCSwiftPackageProductDependency section */
		1E519813283D0165007C5A10 /* ArgumentParser */ = {
			isa = XCSwiftPackageProductDependency;
			package = 1E519812283D0165007C5A10 /* XCRemoteSwiftPackageReference "swift-argument-parser" */;
			productName = ArgumentParser;
		};
/* End XCSwiftPackageProductDependency section */
	};
	rootObject = 1E5197D5283551AD007C5A10 /* Project object */;
}
